// !$*UTF8*$!
{
	archiveVersion = 1;
	classes = {
	};
	objectVersion = 46;
	objects = {

/* Begin PBXBuildFile section */
		801AC1041D9577C3008482E4 /* main.m in Sources */ = {isa = PBXBuildFile; fileRef = 801AC1031D9577C3008482E4 /* main.m */; };
		801AC1071D9577C3008482E4 /* AppDelegate.m in Sources */ = {isa = PBXBuildFile; fileRef = 801AC1061D9577C3008482E4 /* AppDelegate.m */; };
		801AC10A1D9577C3008482E4 /* ViewController.m in Sources */ = {isa = PBXBuildFile; fileRef = 801AC1091D9577C3008482E4 /* ViewController.m */; };
		801AC10D1D9577C3008482E4 /* Main.storyboard in Resources */ = {isa = PBXBuildFile; fileRef = 801AC10B1D9577C3008482E4 /* Main.storyboard */; };
		801AC10F1D9577C3008482E4 /* Assets.xcassets in Resources */ = {isa = PBXBuildFile; fileRef = 801AC10E1D9577C3008482E4 /* Assets.xcassets */; };
		801AC1121D9577C3008482E4 /* LaunchScreen.storyboard in Resources */ = {isa = PBXBuildFile; fileRef = 801AC1101D9577C3008482E4 /* LaunchScreen.storyboard */; };
/* End PBXBuildFile section */

/* Begin PBXFileReference section */
		801AC0FF1D9577C3008482E4 /* AVAssetExportSessionPresetsRadar.app */ = {isa = PBXFileReference; explicitFileType = wrapper.application; includeInIndex = 0; path = AVAssetExportSessionPresetsRadar.app; sourceTree = BUILT_PRODUCTS_DIR; };
		801AC1031D9577C3008482E4 /* main.m */ = {isa = PBXFileReference; lastKnownFileType = sourcecode.c.objc; path = main.m; sourceTree = "<group>"; };
		801AC1051D9577C3008482E4 /* AppDelegate.h */ = {isa = PBXFileReference; lastKnownFileType = sourcecode.c.h; path = AppDelegate.h; sourceTree = "<group>"; };
		801AC1061D9577C3008482E4 /* AppDelegate.m */ = {isa = PBXFileReference; lastKnownFileType = sourcecode.c.objc; path = AppDelegate.m; sourceTree = "<group>"; };
		801AC1081D9577C3008482E4 /* ViewController.h */ = {isa = PBXFileReference; lastKnownFileType = sourcecode.c.h; path = ViewController.h; sourceTree = "<group>"; };
		801AC1091D9577C3008482E4 /* ViewController.m */ = {isa = PBXFileReference; lastKnownFileType = sourcecode.c.objc; path = ViewController.m; sourceTree = "<group>"; };
		801AC10C1D9577C3008482E4 /* Base */ = {isa = PBXFileReference; lastKnownFileType = file.storyboard; name = Base; path = Base.lproj/Main.storyboard; sourceTree = "<group>"; };
		801AC10E1D9577C3008482E4 /* Assets.xcassets */ = {isa = PBXFileReference; lastKnownFileType = folder.assetcatalog; path = Assets.xcassets; sourceTree = "<group>"; };
		801AC1111D9577C3008482E4 /* Base */ = {isa = PBXFileReference; lastKnownFileType = file.storyboard; name = Base; path = Base.lproj/LaunchScreen.storyboard; sourceTree = "<group>"; };
		801AC1131D9577C3008482E4 /* Info.plist */ = {isa = PBXFileReference; lastKnownFileType = text.plist.xml; path = Info.plist; sourceTree = "<group>"; };
/* End PBXFileReference section */

/* Begin PBXFrameworksBuildPhase section */
		801AC0FC1D9577C3008482E4 /* Frameworks */ = {
			isa = PBXFrameworksBuildPhase;
			buildActionMask = 2147483647;
			files = (
			);
			runOnlyForDeploymentPostprocessing = 0;
		};
/* End PBXFrameworksBuildPhase section */

/* Begin PBXGroup section */
		801AC0F61D9577C3008482E4 = {
			isa = PBXGroup;
			children = (
				801AC1011D9577C3008482E4 /* AVAssetExportSessionPresetsRadar */,
				801AC1001D9577C3008482E4 /* Products */,
			);
			sourceTree = "<group>";
		};
		801AC1001D9577C3008482E4 /* Products */ = {
			isa = PBXGroup;
			children = (
				801AC0FF1D9577C3008482E4 /* AVAssetExportSessionPresetsRadar.app */,
			);
			name = Products;
			sourceTree = "<group>";
		};
		801AC1011D9577C3008482E4 /* AVAssetExportSessionPresetsRadar */ = {
			isa = PBXGroup;
			children = (
				801AC1051D9577C3008482E4 /* AppDelegate.h */,
				801AC1061D9577C3008482E4 /* AppDelegate.m */,
				801AC1081D9577C3008482E4 /* ViewController.h */,
				801AC1091D9577C3008482E4 /* ViewController.m */,
				801AC10B1D9577C3008482E4 /* Main.storyboard */,
				801AC10E1D9577C3008482E4 /* Assets.xcassets */,
				801AC1101D9577C3008482E4 /* LaunchScreen.storyboard */,
				801AC1131D9577C3008482E4 /* Info.plist */,
				801AC1021D9577C3008482E4 /* Supporting Files */,
			);
			path = AVAssetExportSessionPresetsRadar;
			sourceTree = "<group>";
		};
		801AC1021D9577C3008482E4 /* Supporting Files */ = {
			isa = PBXGroup;
			children = (
				801AC1031D9577C3008482E4 /* main.m */,
			);
			name = "Supporting Files";
			sourceTree = "<group>";
		};
/* End PBXGroup section */

/* Begin PBXNativeTarget section */
		801AC0FE1D9577C3008482E4 /* AVAssetExportSessionPresetsRadar */ = {
			isa = PBXNativeTarget;
			buildConfigurationList = 801AC1161D9577C3008482E4 /* Build configuration list for PBXNativeTarget "AVAssetExportSessionPresetsRadar" */;
			buildPhases = (
				801AC0FB1D9577C3008482E4 /* Sources */,
				801AC0FC1D9577C3008482E4 /* Frameworks */,
				801AC0FD1D9577C3008482E4 /* Resources */,
			);
			buildRules = (
			);
			dependencies = (
			);
			name = AVAssetExportSessionPresetsRadar;
			productName = AVAssetExportSessionPresetsRadar;
			productReference = 801AC0FF1D9577C3008482E4 /* AVAssetExportSessionPresetsRadar.app */;
			productType = "com.apple.product-type.application";
		};
/* End PBXNativeTarget section */

/* Begin PBXProject section */
		801AC0F71D9577C3008482E4 /* Project object */ = {
			isa = PBXProject;
			attributes = {
				LastUpgradeCheck = 0800;
				ORGANIZATIONNAME = "rafa perez";
				TargetAttributes = {
					801AC0FE1D9577C3008482E4 = {
						CreatedOnToolsVersion = 8.0;
						DevelopmentTeam = 6AS97UVTYE;
						ProvisioningStyle = Automatic;
					};
				};
			};
			buildConfigurationList = 801AC0FA1D9577C3008482E4 /* Build configuration list for PBXProject "AVAssetExportSessionPresetsRadar" */;
			compatibilityVersion = "Xcode 3.2";
			developmentRegion = English;
			hasScannedForEncodings = 0;
			knownRegions = (
				en,
				Base,
			);
			mainGroup = 801AC0F61D9577C3008482E4;
			productRefGroup = 801AC1001D9577C3008482E4 /* Products */;
			projectDirPath = "";
			projectRoot = "";
			targets = (
				801AC0FE1D9577C3008482E4 /* AVAssetExportSessionPresetsRadar */,
			);
		};
/* End PBXProject section */

/* Begin PBXResourcesBuildPhase section */
		801AC0FD1D9577C3008482E4 /* Resources */ = {
			isa = PBXResourcesBuildPhase;
			buildActionMask = 2147483647;
			files = (
				801AC1121D9577C3008482E4 /* LaunchScreen.storyboard in Resources */,
				801AC10F1D9577C3008482E4 /* Assets.xcassets in Resources */,
				801AC10D1D9577C3008482E4 /* Main.storyboard in Resources */,
			);
			runOnlyForDeploymentPostprocessing = 0;
		};
/* End PBXResourcesBuildPhase section */

/* Begin PBXSourcesBuildPhase section */
		801AC0FB1D9577C3008482E4 /* Sources */ = {
			isa = PBXSourcesBuildPhase;
			buildActionMask = 2147483647;
			files = (
				801AC10A1D9577C3008482E4 /* ViewController.m in Sources */,
				801AC1071D9577C3008482E4 /* AppDelegate.m in Sources */,
				801AC1041D9577C3008482E4 /* main.m in Sources */,
			);
			runOnlyForDeploymentPostprocessing = 0;
		};
/* End PBXSourcesBuildPhase section */

/* Begin PBXVariantGroup section */
		801AC10B1D9577C3008482E4 /* Main.storyboard */ = {
			isa = PBXVariantGroup;
			children = (
				801AC10C1D9577C3008482E4 /* Base */,
			);
			name = Main.storyboard;
			sourceTree = "<group>";
		};
		801AC1101D9577C3008482E4 /* LaunchScreen.storyboard */ = {
			isa = PBXVariantGroup;
			children = (
				801AC1111D9577C3008482E4 /* Base */,
			);
			name = LaunchScreen.storyboard;
			sourceTree = "<group>";
		};
/* End PBXVariantGroup section */

/* Begin XCBuildConfiguration section */
		801AC1141D9577C3008482E4 /* Debug */ = {
			isa = XCBuildConfiguration;
			buildSettings = {
				ALWAYS_SEARCH_USER_PATHS = NO;
				CLANG_ANALYZER_NONNULL = YES;
				CLANG_CXX_LANGUAGE_STANDARD = "gnu++0x";
				CLANG_CXX_LIBRARY = "libc++";
				CLANG_ENABLE_MODULES = YES;
				CLANG_ENABLE_OBJC_ARC = YES;
				CLANG_WARN_BOOL_CONVERSION = YES;
				CLANG_WARN_CONSTANT_CONVERSION = YES;
				CLANG_WARN_DIRECT_OBJC_ISA_USAGE = YES_ERROR;
				CLANG_WARN_DOCUMENTATION_COMMENTS = YES;
				CLANG_WARN_EMPTY_BODY = YES;
				CLANG_WARN_ENUM_CONVERSION = YES;
				CLANG_WARN_INFINITE_RECURSION = YES;
				CLANG_WARN_INT_CONVERSION = YES;
				CLANG_WARN_OBJC_ROOT_CLASS = YES_ERROR;
				CLANG_WARN_SUSPICIOUS_MOVES = YES;
				CLANG_WARN_UNREACHABLE_CODE = YES;
				CLANG_WARN__DUPLICATE_METHOD_MATCH = YES;
				"CODE_SIGN_IDENTITY[sdk=iphoneos*]" = "iPhone Developer";
				COPY_PHASE_STRIP = NO;
				DEBUG_INFORMATION_FORMAT = dwarf;
				ENABLE_STRICT_OBJC_MSGSEND = YES;
				ENABLE_TESTABILITY = YES;
				GCC_C_LANGUAGE_STANDARD = gnu99;
				GCC_DYNAMIC_NO_PIC = NO;
				GCC_NO_COMMON_BLOCKS = YES;
				GCC_OPTIMIZATION_LEVEL = 0;
				GCC_PREPROCESSOR_DEFINITIONS = (
					"DEBUG=1",
					"$(inherited)",
				);
				GCC_WARN_64_TO_32_BIT_CONVERSION = YES;
				GCC_WARN_ABOUT_RETURN_TYPE = YES_ERROR;
				GCC_WARN_UNDECLARED_SELECTOR = YES;
				GCC_WARN_UNINITIALIZED_AUTOS = YES_AGGRESSIVE;
				GCC_WARN_UNUSED_FUNCTION = YES;
				GCC_WARN_UNUSED_VARIABLE = YES;
				IPHONEOS_DEPLOYMENT_TARGET = 10.0;
				MTL_ENABLE_DEBUG_INFO = YES;
				ONLY_ACTIVE_ARCH = YES;
				SDKROOT = iphoneos;
				TARGETED_DEVICE_FAMILY = "1,2";
			};
			name = Debug;
		};
		801AC1151D9577C3008482E4 /* Release */ = {
			isa = XCBuildConfiguration;
			buildSettings = {
				ALWAYS_SEARCH_USER_PATHS = NO;
				CLANG_ANALYZER_NONNULL = YES;
				CLANG_CXX_LANGUAGE_STANDARD = "gnu++0x";
				CLANG_CXX_LIBRARY = "libc++";
				CLANG_ENABLE_MODULES = YES;
				CLANG_ENABLE_OBJC_ARC = YES;
				CLANG_WARN_BOOL_CONVERSION = YES;
				CLANG_WARN_CONSTANT_CONVERSION = YES;
				CLANG_WARN_DIRECT_OBJC_ISA_USAGE = YES_ERROR;
				CLANG_WARN_DOCUMENTATION_COMMENTS = YES;
				CLANG_WARN_EMPTY_BODY = YES;
				CLANG_WARN_ENUM_CONVERSION = YES;
				CLANG_WARN_INFINITE_RECURSION = YES;
				CLANG_WARN_INT_CONVERSION = YES;
				CLANG_WARN_OBJC_ROOT_CLASS = YES_ERROR;
				CLANG_WARN_SUSPICIOUS_MOVES = YES;
				CLANG_WARN_UNREACHABLE_CODE = YES;
				CLANG_WARN__DUPLICATE_METHOD_MATCH = YES;
				"CODE_SIGN_IDENTITY[sdk=iphoneos*]" = "iPhone Developer";
				COPY_PHASE_STRIP = NO;
				DEBUG_INFORMATION_FORMAT = "dwarf-with-dsym";
				ENABLE_NS_ASSERTIONS = NO;
				ENABLE_STRICT_OBJC_MSGSEND = YES;
				GCC_C_LANGUAGE_STANDARD = gnu99;
				GCC_NO_COMMON_BLOCKS = YES;
				GCC_WARN_64_TO_32_BIT_CONVERSION = YES;
				GCC_WARN_ABOUT_RETURN_TYPE = YES_ERROR;
				GCC_WARN_UNDECLARED_SELECTOR = YES;
				GCC_WARN_UNINITIALIZED_AUTOS = YES_AGGRESSIVE;
				GCC_WARN_UNUSED_FUNCTION = YES;
				GCC_WARN_UNUSED_VARIABLE = YES;
				IPHONEOS_DEPLOYMENT_TARGET = 10.0;
				MTL_ENABLE_DEBUG_INFO = NO;
				SDKROOT = iphoneos;
				TARGETED_DEVICE_FAMILY = "1,2";
				VALIDATE_PRODUCT = YES;
			};
			name = Release;
		};
		801AC1171D9577C3008482E4 /* Debug */ = {
			isa = XCBuildConfiguration;
			buildSettings = {
				ASSETCATALOG_COMPILER_APPICON_NAME = AppIcon;
				DEVELOPMENT_TEAM = 6AS97UVTYE;
				INFOPLIST_FILE = AVAssetExportSessionPresetsRadar/Info.plist;
				LD_RUNPATH_SEARCH_PATHS = "$(inherited) @executable_path/Frameworks";
				PRODUCT_BUNDLE_IDENTIFIER = com.AVAssetExportSessionPresetsRadar;
				PRODUCT_NAME = "$(TARGET_NAME)";
			};
			name = Debug;
		};
		801AC1181D9577C3008482E4 /* Release */ = {
			isa = XCBuildConfiguration;
			buildSettings = {
				ASSETCATALOG_COMPILER_APPICON_NAME = AppIcon;
				DEVELOPMENT_TEAM = 6AS97UVTYE;
				INFOPLIST_FILE = AVAssetExportSessionPresetsRadar/Info.plist;
				LD_RUNPATH_SEARCH_PATHS = "$(inherited) @executable_path/Frameworks";
				PRODUCT_BUNDLE_IDENTIFIER = com.AVAssetExportSessionPresetsRadar;
				PRODUCT_NAME = "$(TARGET_NAME)";
			};
			name = Release;
		};
/* End XCBuildConfiguration section */

/* Begin XCConfigurationList section */
		801AC0FA1D9577C3008482E4 /* Build configuration list for PBXProject "AVAssetExportSessionPresetsRadar" */ = {
			isa = XCConfigurationList;
			buildConfigurations = (
				801AC1141D9577C3008482E4 /* Debug */,
				801AC1151D9577C3008482E4 /* Release */,
			);
			defaultConfigurationIsVisible = 0;
			defaultConfigurationName = Release;
		};
		801AC1161D9577C3008482E4 /* Build configuration list for PBXNativeTarget "AVAssetExportSessionPresetsRadar" */ = {
			isa = XCConfigurationList;
			buildConfigurations = (
				801AC1171D9577C3008482E4 /* Debug */,
				801AC1181D9577C3008482E4 /* Release */,
			);
			defaultConfigurationIsVisible = 0;
		};
/* End XCConfigurationList section */
	};
	rootObject = 801AC0F71D9577C3008482E4 /* Project object */;
}
